
Microsoft Visual Studio Solution File, Format Version 12.00
# Visual Studio Version 17
VisualStudioVersion = 17.13.35825.156 d17.13
MinimumVisualStudioVersion = 10.0.40219.1
Project("{FAE04EC0-301F-11D3-BF4B-00C04F79EFBC}") = "DashboardAPI", "DashboardAPI.csproj", "{E85519F5-13EB-42F3-83A6-F7E2D03FEA26}"
EndProject
Global
	GlobalSection(SolutionConfigurationPlatforms) = preSolution
		Debug|Any CPU = Debug|Any CPU
		Release|Any CPU = Release|Any CPU
	EndGlobalSection
	GlobalSection(ProjectConfigurationPlatforms) = postSolution
		{E85519F5-13EB-42F3-83A6-F7E2D03FEA26}.Debug|Any CPU.ActiveCfg = Debug|Any CPU
		{E85519F5-13EB-42F3-83A6-F7E2D03FEA26}.Debug|Any CPU.Build.0 = Debug|Any CPU
		{E85519F5-13EB-42F3-83A6-F7E2D03FEA26}.Release|Any CPU.ActiveCfg = Release|Any CPU
		{E85519F5-13EB-42F3-83A6-F7E2D03FEA26}.Release|Any CPU.Build.0 = Release|Any CPU
	EndGlobalSection
	GlobalSection(SolutionProperties) = preSolution
		HideSolutionNode = FALSE
	EndGlobalSection
	GlobalSection(ExtensibilityGlobals) = postSolution
		SolutionGuid = {3AF2CD67-57D1-45C7-BD6C-E603B47D26AA}
	EndGlobalSection
EndGlobal
